
Microsoft Visual Studio Solution File, Format Version 12.00
# Visual Studio Version 17
VisualStudioVersion = 17.0.31919.166
MinimumVisualStudioVersion = 10.0.40219.1
Project("{FAE04EC0-301F-11D3-BF4B-00C04F79EFBC}") = "HelloWorld.Web", "HelloWorld.Web\HelloWorld.Web.csproj", "{B4B6836F-43EE-44D8-8395-3971D5523FBB}"
EndProject
Global
	GlobalSection(SolutionConfigurationPlatforms) = preSolution
		Debug|Any CPU = Debug|Any CPU
		Release|Any CPU = Release|Any CPU
	EndGlobalSection
	GlobalSection(ProjectConfigurationPlatforms) = postSolution
		{B4B6836F-43EE-44D8-8395-3971D5523FBB}.Debug|Any CPU.ActiveCfg = Debug|Any CPU
		{B4B6836F-43EE-44D8-8395-3971D5523FBB}.Debug|Any CPU.Build.0 = Debug|Any CPU
		{B4B6836F-43EE-44D8-8395-3971D5523FBB}.Release|Any CPU.ActiveCfg = Release|Any CPU
		{B4B6836F-43EE-44D8-8395-3971D5523FBB}.Release|Any CPU.Build.0 = Release|Any CPU
	EndGlobalSection
	GlobalSection(SolutionProperties) = preSolution
		HideSolutionNode = FALSE
	EndGlobalSection
	GlobalSection(ExtensibilityGlobals) = postSolution
		SolutionGuid = {D467C3AB-D905-4875-978D-58216C2972B1}
	EndGlobalSection
EndGlobal
