
Microsoft Visual Studio Solution File, Format Version 12.00
# Visual Studio Version 17
VisualStudioVersion = 17.0.31912.275
MinimumVisualStudioVersion = 10.0.40219.1
Project("{FAE04EC0-301F-11D3-BF4B-00C04F79EFBC}") = "Greetings.Api", "Greetings.Api\Greetings.Api.csproj", "{A6FAC93F-C74A-4B74-B94A-24E01A85D197}"
EndProject
Global
	GlobalSection(SolutionConfigurationPlatforms) = preSolution
		Debug|Any CPU = Debug|Any CPU
		Release|Any CPU = Release|Any CPU
	EndGlobalSection
	GlobalSection(ProjectConfigurationPlatforms) = postSolution
		{A6FAC93F-C74A-4B74-B94A-24E01A85D197}.Debug|Any CPU.ActiveCfg = Debug|Any CPU
		{A6FAC93F-C74A-4B74-B94A-24E01A85D197}.Debug|Any CPU.Build.0 = Debug|Any CPU
		{A6FAC93F-C74A-4B74-B94A-24E01A85D197}.Release|Any CPU.ActiveCfg = Release|Any CPU
		{A6FAC93F-C74A-4B74-B94A-24E01A85D197}.Release|Any CPU.Build.0 = Release|Any CPU
	EndGlobalSection
	GlobalSection(SolutionProperties) = preSolution
		HideSolutionNode = FALSE
	EndGlobalSection
	GlobalSection(ExtensibilityGlobals) = postSolution
		SolutionGuid = {75CAEE3B-3E36-4918-A235-7926FD441BFB}
	EndGlobalSection
EndGlobal
